
Microsoft Visual Studio Solution File, Format Version 12.00
# Visual Studio Version 16
VisualStudioVersion = 16.0.30907.101
MinimumVisualStudioVersion = 10.0.40219.1
Project("{9A19103F-16F7-4668-BE54-9A1E7A4F7556}") = "CpmPedidos.Domain", "CpmPedidos.Domain\CpmPedidos.Domain.csproj", "{EBDF968D-DB3E-46E8-ADB7-40BC5396BDB1}"
EndProject
Project("{9A19103F-16F7-4668-BE54-9A1E7A4F7556}") = "CpmPedidos.Interface", "CpmPedidos.Interface\CpmPedidos.Interface.csproj", "{8C0B8BE8-A511-48E0-971F-658D22072055}"
EndProject
Project("{9A19103F-16F7-4668-BE54-9A1E7A4F7556}") = "CpmPedidos.Repository", "CpmPedidos.Repository\CpmPedidos.Repository.csproj", "{0F900BEE-0872-47C5-AE4E-FCAC561E86C9}"
EndProject
Project("{FAE04EC0-301F-11D3-BF4B-00C04F79EFBC}") = "CpmPedidos.API", "CpmPedidos.API\CpmPedidos.API.csproj", "{C1F8091A-D9B6-4D53-A757-36506E90359E}"
EndProject
Global
	GlobalSection(SolutionConfigurationPlatforms) = preSolution
		Debug|Any CPU = Debug|Any CPU
		Release|Any CPU = Release|Any CPU
	EndGlobalSection
	GlobalSection(ProjectConfigurationPlatforms) = postSolution
		{EBDF968D-DB3E-46E8-ADB7-40BC5396BDB1}.Debug|Any CPU.ActiveCfg = Debug|Any CPU
		{EBDF968D-DB3E-46E8-ADB7-40BC5396BDB1}.Debug|Any CPU.Build.0 = Debug|Any CPU
		{EBDF968D-DB3E-46E8-ADB7-40BC5396BDB1}.Release|Any CPU.ActiveCfg = Release|Any CPU
		{EBDF968D-DB3E-46E8-ADB7-40BC5396BDB1}.Release|Any CPU.Build.0 = Release|Any CPU
		{8C0B8BE8-A511-48E0-971F-658D22072055}.Debug|Any CPU.ActiveCfg = Debug|Any CPU
		{8C0B8BE8-A511-48E0-971F-658D22072055}.Debug|Any CPU.Build.0 = Debug|Any CPU
		{8C0B8BE8-A511-48E0-971F-658D22072055}.Release|Any CPU.ActiveCfg = Release|Any CPU
		{8C0B8BE8-A511-48E0-971F-658D22072055}.Release|Any CPU.Build.0 = Release|Any CPU
		{0F900BEE-0872-47C5-AE4E-FCAC561E86C9}.Debug|Any CPU.ActiveCfg = Debug|Any CPU
		{0F900BEE-0872-47C5-AE4E-FCAC561E86C9}.Debug|Any CPU.Build.0 = Debug|Any CPU
		{0F900BEE-0872-47C5-AE4E-FCAC561E86C9}.Release|Any CPU.ActiveCfg = Release|Any CPU
		{0F900BEE-0872-47C5-AE4E-FCAC561E86C9}.Release|Any CPU.Build.0 = Release|Any CPU
		{C1F8091A-D9B6-4D53-A757-36506E90359E}.Debug|Any CPU.ActiveCfg = Debug|Any CPU
		{C1F8091A-D9B6-4D53-A757-36506E90359E}.Debug|Any CPU.Build.0 = Debug|Any CPU
		{C1F8091A-D9B6-4D53-A757-36506E90359E}.Release|Any CPU.ActiveCfg = Release|Any CPU
		{C1F8091A-D9B6-4D53-A757-36506E90359E}.Release|Any CPU.Build.0 = Release|Any CPU
	EndGlobalSection
	GlobalSection(SolutionProperties) = preSolution
		HideSolutionNode = FALSE
	EndGlobalSection
	GlobalSection(ExtensibilityGlobals) = postSolution
		SolutionGuid = {7D74DEFD-FBE3-436C-97C5-C25298DDC7C3}
	EndGlobalSection
EndGlobal
